
Microsoft Visual Studio Solution File, Format Version 12.00
Project("{F2A71F9B-5D33-465A-A702-920D77279786}") = "PrimeBench.Console", "PrimeBench.Console\PrimeBench.Console.fsproj", "{4DC80E40-829E-4A21-B6CE-E8092DE9DEF1}"
EndProject
Global
	GlobalSection(SolutionConfigurationPlatforms) = preSolution
		Debug|Any CPU = Debug|Any CPU
		Release|Any CPU = Release|Any CPU
	EndGlobalSection
	GlobalSection(ProjectConfigurationPlatforms) = postSolution
		{4DC80E40-829E-4A21-B6CE-E8092DE9DEF1}.Debug|Any CPU.ActiveCfg = Debug|Any CPU
		{4DC80E40-829E-4A21-B6CE-E8092DE9DEF1}.Debug|Any CPU.Build.0 = Debug|Any CPU
		{4DC80E40-829E-4A21-B6CE-E8092DE9DEF1}.Release|Any CPU.ActiveCfg = Release|Any CPU
		{4DC80E40-829E-4A21-B6CE-E8092DE9DEF1}.Release|Any CPU.Build.0 = Release|Any CPU
	EndGlobalSection
EndGlobal
